
Microsoft Visual Studio Solution File, Format Version 12.00
# Visual Studio Version 16
VisualStudioVersion = 16.0.30011.22
MinimumVisualStudioVersion = 10.0.40219.1
Project("{FAE04EC0-301F-11D3-BF4B-00C04F79EFBC}") = "BANKEST2.Core", "BANKEST2\src\CleanArchitecture.Core\BANKEST2.Core.csproj", "{B7E90EB3-9C07-4322-8A52-D00EACF4039D}"
EndProject
Project("{FAE04EC0-301F-11D3-BF4B-00C04F79EFBC}") = "BANKEST2.Infrastructure", "BANKEST2\src\CleanArchitecture.Infrastructure\BANKEST2.Infrastructure.csproj", "{ED2F90FC-F20A-4602-8321-ADF2867B63D1}"
EndProject
Project("{FAE04EC0-301F-11D3-BF4B-00C04F79EFBC}") = "BANKEST2.Api", "BANKEST2.API\BANKEST2.Api.csproj", "{F965A201-C309-4663-91FF-925FDA7B336F}"
EndProject
Global
	GlobalSection(SolutionConfigurationPlatforms) = preSolution
		Debug|Any CPU = Debug|Any CPU
		Release|Any CPU = Release|Any CPU
	EndGlobalSection
	GlobalSection(ProjectConfigurationPlatforms) = postSolution
		{B7E90EB3-9C07-4322-8A52-D00EACF4039D}.Debug|Any CPU.ActiveCfg = Debug|Any CPU
		{B7E90EB3-9C07-4322-8A52-D00EACF4039D}.Debug|Any CPU.Build.0 = Debug|Any CPU
		{B7E90EB3-9C07-4322-8A52-D00EACF4039D}.Release|Any CPU.ActiveCfg = Release|Any CPU
		{B7E90EB3-9C07-4322-8A52-D00EACF4039D}.Release|Any CPU.Build.0 = Release|Any CPU
		{ED2F90FC-F20A-4602-8321-ADF2867B63D1}.Debug|Any CPU.ActiveCfg = Debug|Any CPU
		{ED2F90FC-F20A-4602-8321-ADF2867B63D1}.Debug|Any CPU.Build.0 = Debug|Any CPU
		{ED2F90FC-F20A-4602-8321-ADF2867B63D1}.Release|Any CPU.ActiveCfg = Release|Any CPU
		{ED2F90FC-F20A-4602-8321-ADF2867B63D1}.Release|Any CPU.Build.0 = Release|Any CPU
		{F965A201-C309-4663-91FF-925FDA7B336F}.Debug|Any CPU.ActiveCfg = Debug|Any CPU
		{F965A201-C309-4663-91FF-925FDA7B336F}.Debug|Any CPU.Build.0 = Debug|Any CPU
		{F965A201-C309-4663-91FF-925FDA7B336F}.Release|Any CPU.ActiveCfg = Release|Any CPU
		{F965A201-C309-4663-91FF-925FDA7B336F}.Release|Any CPU.Build.0 = Release|Any CPU
	EndGlobalSection
	GlobalSection(SolutionProperties) = preSolution
		HideSolutionNode = FALSE
	EndGlobalSection
	GlobalSection(ExtensibilityGlobals) = postSolution
		SolutionGuid = {648241A6-8BF2-4578-8B95-F8660F1F8777}
	EndGlobalSection
EndGlobal
